
Microsoft Visual Studio Solution File, Format Version 12.00
# Visual Studio Version 17
VisualStudioVersion = 17.5.33530.505
MinimumVisualStudioVersion = 10.0.40219.1
Project("{FAE04EC0-301F-11D3-BF4B-00C04F79EFBC}") = "FacialEmotionAI", "FacialEmotionAI\FacialEmotionAI.csproj", "{D9C710B8-3494-4DB2-8C36-0F800D137BEB}"
EndProject
Global
	GlobalSection(SolutionConfigurationPlatforms) = preSolution
		Debug|Any CPU = Debug|Any CPU
		Release|Any CPU = Release|Any CPU
	EndGlobalSection
	GlobalSection(ProjectConfigurationPlatforms) = postSolution
		{D9C710B8-3494-4DB2-8C36-0F800D137BEB}.Debug|Any CPU.ActiveCfg = Debug|Any CPU
		{D9C710B8-3494-4DB2-8C36-0F800D137BEB}.Debug|Any CPU.Build.0 = Debug|Any CPU
		{D9C710B8-3494-4DB2-8C36-0F800D137BEB}.Release|Any CPU.ActiveCfg = Release|Any CPU
		{D9C710B8-3494-4DB2-8C36-0F800D137BEB}.Release|Any CPU.Build.0 = Release|Any CPU
	EndGlobalSection
	GlobalSection(SolutionProperties) = preSolution
		HideSolutionNode = FALSE
	EndGlobalSection
	GlobalSection(ExtensibilityGlobals) = postSolution
		SolutionGuid = {BDCA07CE-7FAE-492F-952A-C078A6DA053D}
	EndGlobalSection
EndGlobal
